
Microsoft Visual Studio Solution File, Format Version 12.00
# Visual Studio 2013
VisualStudioVersion = 12.0.40629.0
MinimumVisualStudioVersion = 10.0.40219.1
Project("{FAE04EC0-301F-11D3-BF4B-00C04F79EFBC}") = "WebSite", "WebSite\WebSite.csproj", "{E926811B-CA55-4309-8DDD-01437AEFCE4C}"
EndProject
Project("{FAE04EC0-301F-11D3-BF4B-00C04F79EFBC}") = "WebSite.Services", "WebSite.Services\WebSite.Services.csproj", "{B80F703F-4D9A-4113-B91A-D97019B90342}"
EndProject
Global
	GlobalSection(SolutionConfigurationPlatforms) = preSolution
		Debug|Any CPU = Debug|Any CPU
		Release|Any CPU = Release|Any CPU
	EndGlobalSection
	GlobalSection(ProjectConfigurationPlatforms) = postSolution
		{E926811B-CA55-4309-8DDD-01437AEFCE4C}.Debug|Any CPU.ActiveCfg = Debug|Any CPU
		{E926811B-CA55-4309-8DDD-01437AEFCE4C}.Debug|Any CPU.Build.0 = Debug|Any CPU
		{E926811B-CA55-4309-8DDD-01437AEFCE4C}.Release|Any CPU.ActiveCfg = Release|Any CPU
		{E926811B-CA55-4309-8DDD-01437AEFCE4C}.Release|Any CPU.Build.0 = Release|Any CPU
		{B80F703F-4D9A-4113-B91A-D97019B90342}.Debug|Any CPU.ActiveCfg = Debug|Any CPU
		{B80F703F-4D9A-4113-B91A-D97019B90342}.Debug|Any CPU.Build.0 = Debug|Any CPU
		{B80F703F-4D9A-4113-B91A-D97019B90342}.Release|Any CPU.ActiveCfg = Release|Any CPU
		{B80F703F-4D9A-4113-B91A-D97019B90342}.Release|Any CPU.Build.0 = Release|Any CPU
	EndGlobalSection
	GlobalSection(SolutionProperties) = preSolution
		HideSolutionNode = FALSE
	EndGlobalSection
EndGlobal
